// !$*UTF8*$!
{
	archiveVersion = 1;
	classes = {
	};
	objectVersion = 46;
	objects = {

/* Begin PBXBuildFile section */
		798A12021D67873600B6EBBE /* AppDelegate.swift in Sources */ = {isa = PBXBuildFile; fileRef = 798A12011D67873600B6EBBE /* AppDelegate.swift */; };
		798A12041D67873600B6EBBE /* ViewController.swift in Sources */ = {isa = PBXBuildFile; fileRef = 798A12031D67873600B6EBBE /* ViewController.swift */; };
		798A12071D67873600B6EBBE /* Main.storyboard in Resources */ = {isa = PBXBuildFile; fileRef = 798A12051D67873600B6EBBE /* Main.storyboard */; };
		798A12091D67873600B6EBBE /* Assets.xcassets in Resources */ = {isa = PBXBuildFile; fileRef = 798A12081D67873600B6EBBE /* Assets.xcassets */; };
		798A120C1D67873600B6EBBE /* LaunchScreen.storyboard in Resources */ = {isa = PBXBuildFile; fileRef = 798A120A1D67873600B6EBBE /* LaunchScreen.storyboard */; };
		798A12521D67D21700B6EBBE /* hillary-clinton-thumbs-up.jpg in Resources */ = {isa = PBXBuildFile; fileRef = 798A12511D67D21700B6EBBE /* hillary-clinton-thumbs-up.jpg */; };
		798A12541D67D21B00B6EBBE /* nbc-fires-donald-trump-after-he-calls-mexicans-rapists-and-drug-runners.jpg in Resources */ = {isa = PBXBuildFile; fileRef = 798A12531D67D21B00B6EBBE /* nbc-fires-donald-trump-after-he-calls-mexicans-rapists-and-drug-runners.jpg */; };
		798A12561D67D3F300B6EBBE /* gty_obama_flint_water_02_jc_160504_4x3_992.jpg in Resources */ = {isa = PBXBuildFile; fileRef = 798A12551D67D3F300B6EBBE /* gty_obama_flint_water_02_jc_160504_4x3_992.jpg */; };
		798A12581D67D88C00B6EBBE /* AVFoundation.framework in Frameworks */ = {isa = PBXBuildFile; fileRef = 798A12571D67D88C00B6EBBE /* AVFoundation.framework */; };
		798A125B1D67DC5600B6EBBE /* Trump.mp3 in Resources */ = {isa = PBXBuildFile; fileRef = 798A12591D67DC5600B6EBBE /* Trump.mp3 */; };
		798A125C1D67DC5600B6EBBE /* Clinton.mp3 in Resources */ = {isa = PBXBuildFile; fileRef = 798A125A1D67DC5600B6EBBE /* Clinton.mp3 */; };
		798A125E1D67DE6600B6EBBE /* AudioToolbox.framework in Frameworks */ = {isa = PBXBuildFile; fileRef = 798A125D1D67DE6600B6EBBE /* AudioToolbox.framework */; };
		798A12601D67E52000B6EBBE /* Fail.mp3 in Resources */ = {isa = PBXBuildFile; fileRef = 798A125F1D67E52000B6EBBE /* Fail.mp3 */; };
/* End PBXBuildFile section */

/* Begin PBXFileReference section */
		798A11FE1D67873600B6EBBE /* tapwar.app */ = {isa = PBXFileReference; explicitFileType = wrapper.application; includeInIndex = 0; path = tapwar.app; sourceTree = BUILT_PRODUCTS_DIR; };
		798A12011D67873600B6EBBE /* AppDelegate.swift */ = {isa = PBXFileReference; lastKnownFileType = sourcecode.swift; path = AppDelegate.swift; sourceTree = "<group>"; };
		798A12031D67873600B6EBBE /* ViewController.swift */ = {isa = PBXFileReference; lastKnownFileType = sourcecode.swift; path = ViewController.swift; sourceTree = "<group>"; };
		798A12061D67873600B6EBBE /* Base */ = {isa = PBXFileReference; lastKnownFileType = file.storyboard; name = Base; path = Base.lproj/Main.storyboard; sourceTree = "<group>"; };
		798A12081D67873600B6EBBE /* Assets.xcassets */ = {isa = PBXFileReference; lastKnownFileType = folder.assetcatalog; path = Assets.xcassets; sourceTree = "<group>"; };
		798A120B1D67873600B6EBBE /* Base */ = {isa = PBXFileReference; lastKnownFileType = file.storyboard; name = Base; path = Base.lproj/LaunchScreen.storyboard; sourceTree = "<group>"; };
		798A120D1D67873600B6EBBE /* Info.plist */ = {isa = PBXFileReference; lastKnownFileType = text.plist.xml; path = Info.plist; sourceTree = "<group>"; };
		798A12511D67D21700B6EBBE /* hillary-clinton-thumbs-up.jpg */ = {isa = PBXFileReference; lastKnownFileType = image.jpeg; path = "hillary-clinton-thumbs-up.jpg"; sourceTree = "<group>"; };
		798A12531D67D21B00B6EBBE /* nbc-fires-donald-trump-after-he-calls-mexicans-rapists-and-drug-runners.jpg */ = {isa = PBXFileReference; lastKnownFileType = image.jpeg; path = "nbc-fires-donald-trump-after-he-calls-mexicans-rapists-and-drug-runners.jpg"; sourceTree = "<group>"; };
		798A12551D67D3F300B6EBBE /* gty_obama_flint_water_02_jc_160504_4x3_992.jpg */ = {isa = PBXFileReference; lastKnownFileType = image.jpeg; path = gty_obama_flint_water_02_jc_160504_4x3_992.jpg; sourceTree = "<group>"; };
		798A12571D67D88C00B6EBBE /* AVFoundation.framework */ = {isa = PBXFileReference; lastKnownFileType = wrapper.framework; name = AVFoundation.framework; path = System/Library/Frameworks/AVFoundation.framework; sourceTree = SDKROOT; };
		798A12591D67DC5600B6EBBE /* Trump.mp3 */ = {isa = PBXFileReference; lastKnownFileType = audio.mp3; path = Trump.mp3; sourceTree = "<group>"; };
		798A125A1D67DC5600B6EBBE /* Clinton.mp3 */ = {isa = PBXFileReference; lastKnownFileType = audio.mp3; path = Clinton.mp3; sourceTree = "<group>"; };
		798A125D1D67DE6600B6EBBE /* AudioToolbox.framework */ = {isa = PBXFileReference; lastKnownFileType = wrapper.framework; name = AudioToolbox.framework; path = System/Library/Frameworks/AudioToolbox.framework; sourceTree = SDKROOT; };
		798A125F1D67E52000B6EBBE /* Fail.mp3 */ = {isa = PBXFileReference; lastKnownFileType = audio.mp3; path = Fail.mp3; sourceTree = "<group>"; };
/* End PBXFileReference section */

/* Begin PBXFrameworksBuildPhase section */
		798A11FB1D67873600B6EBBE /* Frameworks */ = {
			isa = PBXFrameworksBuildPhase;
			buildActionMask = 2147483647;
			files = (
				798A125E1D67DE6600B6EBBE /* AudioToolbox.framework in Frameworks */,
				798A12581D67D88C00B6EBBE /* AVFoundation.framework in Frameworks */,
			);
			runOnlyForDeploymentPostprocessing = 0;
		};
/* End PBXFrameworksBuildPhase section */

/* Begin PBXGroup section */
		798A11F51D67873600B6EBBE = {
			isa = PBXGroup;
			children = (
				798A125D1D67DE6600B6EBBE /* AudioToolbox.framework */,
				798A12571D67D88C00B6EBBE /* AVFoundation.framework */,
				798A12001D67873600B6EBBE /* tapwar */,
				798A11FF1D67873600B6EBBE /* Products */,
			);
			sourceTree = "<group>";
		};
		798A11FF1D67873600B6EBBE /* Products */ = {
			isa = PBXGroup;
			children = (
				798A11FE1D67873600B6EBBE /* tapwar.app */,
			);
			name = Products;
			sourceTree = "<group>";
		};
		798A12001D67873600B6EBBE /* tapwar */ = {
			isa = PBXGroup;
			children = (
				798A12011D67873600B6EBBE /* AppDelegate.swift */,
				798A12031D67873600B6EBBE /* ViewController.swift */,
				798A12051D67873600B6EBBE /* Main.storyboard */,
				798A12081D67873600B6EBBE /* Assets.xcassets */,
				798A12591D67DC5600B6EBBE /* Trump.mp3 */,
				798A125A1D67DC5600B6EBBE /* Clinton.mp3 */,
				798A125F1D67E52000B6EBBE /* Fail.mp3 */,
				798A12511D67D21700B6EBBE /* hillary-clinton-thumbs-up.jpg */,
				798A12531D67D21B00B6EBBE /* nbc-fires-donald-trump-after-he-calls-mexicans-rapists-and-drug-runners.jpg */,
				798A12551D67D3F300B6EBBE /* gty_obama_flint_water_02_jc_160504_4x3_992.jpg */,
				798A120A1D67873600B6EBBE /* LaunchScreen.storyboard */,
				798A120D1D67873600B6EBBE /* Info.plist */,
			);
			path = tapwar;
			sourceTree = "<group>";
		};
/* End PBXGroup section */

/* Begin PBXNativeTarget section */
		798A11FD1D67873600B6EBBE /* tapwar */ = {
			isa = PBXNativeTarget;
			buildConfigurationList = 798A12101D67873600B6EBBE /* Build configuration list for PBXNativeTarget "tapwar" */;
			buildPhases = (
				798A11FA1D67873600B6EBBE /* Sources */,
				798A11FB1D67873600B6EBBE /* Frameworks */,
				798A11FC1D67873600B6EBBE /* Resources */,
			);
			buildRules = (
			);
			dependencies = (
			);
			name = tapwar;
			productName = tapwar;
			productReference = 798A11FE1D67873600B6EBBE /* tapwar.app */;
			productType = "com.apple.product-type.application";
		};
/* End PBXNativeTarget section */

/* Begin PBXProject section */
		798A11F61D67873600B6EBBE /* Project object */ = {
			isa = PBXProject;
			attributes = {
				LastSwiftUpdateCheck = 0730;
				LastUpgradeCheck = 0730;
				ORGANIZATIONNAME = "Sekou Perry";
				TargetAttributes = {
					798A11FD1D67873600B6EBBE = {
						CreatedOnToolsVersion = 7.3.1;
					};
				};
			};
			buildConfigurationList = 798A11F91D67873600B6EBBE /* Build configuration list for PBXProject "tapwar" */;
			compatibilityVersion = "Xcode 3.2";
			developmentRegion = English;
			hasScannedForEncodings = 0;
			knownRegions = (
				en,
				Base,
			);
			mainGroup = 798A11F51D67873600B6EBBE;
			productRefGroup = 798A11FF1D67873600B6EBBE /* Products */;
			projectDirPath = "";
			projectRoot = "";
			targets = (
				798A11FD1D67873600B6EBBE /* tapwar */,
			);
		};
/* End PBXProject section */

/* Begin PBXResourcesBuildPhase section */
		798A11FC1D67873600B6EBBE /* Resources */ = {
			isa = PBXResourcesBuildPhase;
			buildActionMask = 2147483647;
			files = (
				798A12601D67E52000B6EBBE /* Fail.mp3 in Resources */,
				798A125C1D67DC5600B6EBBE /* Clinton.mp3 in Resources */,
				798A120C1D67873600B6EBBE /* LaunchScreen.storyboard in Resources */,
				798A12541D67D21B00B6EBBE /* nbc-fires-donald-trump-after-he-calls-mexicans-rapists-and-drug-runners.jpg in Resources */,
				798A12091D67873600B6EBBE /* Assets.xcassets in Resources */,
				798A12561D67D3F300B6EBBE /* gty_obama_flint_water_02_jc_160504_4x3_992.jpg in Resources */,
				798A125B1D67DC5600B6EBBE /* Trump.mp3 in Resources */,
				798A12071D67873600B6EBBE /* Main.storyboard in Resources */,
				798A12521D67D21700B6EBBE /* hillary-clinton-thumbs-up.jpg in Resources */,
			);
			runOnlyForDeploymentPostprocessing = 0;
		};
/* End PBXResourcesBuildPhase section */

/* Begin PBXSourcesBuildPhase section */
		798A11FA1D67873600B6EBBE /* Sources */ = {
			isa = PBXSourcesBuildPhase;
			buildActionMask = 2147483647;
			files = (
				798A12041D67873600B6EBBE /* ViewController.swift in Sources */,
				798A12021D67873600B6EBBE /* AppDelegate.swift in Sources */,
			);
			runOnlyForDeploymentPostprocessing = 0;
		};
/* End PBXSourcesBuildPhase section */

/* Begin PBXVariantGroup section */
		798A12051D67873600B6EBBE /* Main.storyboard */ = {
			isa = PBXVariantGroup;
			children = (
				798A12061D67873600B6EBBE /* Base */,
			);
			name = Main.storyboard;
			sourceTree = "<group>";
		};
		798A120A1D67873600B6EBBE /* LaunchScreen.storyboard */ = {
			isa = PBXVariantGroup;
			children = (
				798A120B1D67873600B6EBBE /* Base */,
			);
			name = LaunchScreen.storyboard;
			sourceTree = "<group>";
		};
/* End PBXVariantGroup section */

/* Begin XCBuildConfiguration section */
		798A120E1D67873600B6EBBE /* Debug */ = {
			isa = XCBuildConfiguration;
			buildSettings = {
				ALWAYS_SEARCH_USER_PATHS = NO;
				CLANG_ANALYZER_NONNULL = YES;
				CLANG_CXX_LANGUAGE_STANDARD = "gnu++0x";
				CLANG_CXX_LIBRARY = "libc++";
				CLANG_ENABLE_MODULES = YES;
				CLANG_ENABLE_OBJC_ARC = YES;
				CLANG_WARN_BOOL_CONVERSION = YES;
				CLANG_WARN_CONSTANT_CONVERSION = YES;
				CLANG_WARN_DIRECT_OBJC_ISA_USAGE = YES_ERROR;
				CLANG_WARN_EMPTY_BODY = YES;
				CLANG_WARN_ENUM_CONVERSION = YES;
				CLANG_WARN_INT_CONVERSION = YES;
				CLANG_WARN_OBJC_ROOT_CLASS = YES_ERROR;
				CLANG_WARN_UNREACHABLE_CODE = YES;
				CLANG_WARN__DUPLICATE_METHOD_MATCH = YES;
				"CODE_SIGN_IDENTITY[sdk=iphoneos*]" = "iPhone Developer";
				COPY_PHASE_STRIP = NO;
				DEBUG_INFORMATION_FORMAT = dwarf;
				ENABLE_STRICT_OBJC_MSGSEND = YES;
				ENABLE_TESTABILITY = YES;
				GCC_C_LANGUAGE_STANDARD = gnu99;
				GCC_DYNAMIC_NO_PIC = NO;
				GCC_NO_COMMON_BLOCKS = YES;
				GCC_OPTIMIZATION_LEVEL = 0;
				GCC_PREPROCESSOR_DEFINITIONS = (
					"DEBUG=1",
					"$(inherited)",
				);
				GCC_WARN_64_TO_32_BIT_CONVERSION = YES;
				GCC_WARN_ABOUT_RETURN_TYPE = YES_ERROR;
				GCC_WARN_UNDECLARED_SELECTOR = YES;
				GCC_WARN_UNINITIALIZED_AUTOS = YES_AGGRESSIVE;
				GCC_WARN_UNUSED_FUNCTION = YES;
				GCC_WARN_UNUSED_VARIABLE = YES;
				IPHONEOS_DEPLOYMENT_TARGET = 9.3;
				MTL_ENABLE_DEBUG_INFO = YES;
				ONLY_ACTIVE_ARCH = YES;
				SDKROOT = iphoneos;
				SWIFT_OPTIMIZATION_LEVEL = "-Onone";
				TARGETED_DEVICE_FAMILY = "1,2";
			};
			name = Debug;
		};
		798A120F1D67873600B6EBBE /* Release */ = {
			isa = XCBuildConfiguration;
			buildSettings = {
				ALWAYS_SEARCH_USER_PATHS = NO;
				CLANG_ANALYZER_NONNULL = YES;
				CLANG_CXX_LANGUAGE_STANDARD = "gnu++0x";
				CLANG_CXX_LIBRARY = "libc++";
				CLANG_ENABLE_MODULES = YES;
				CLANG_ENABLE_OBJC_ARC = YES;
				CLANG_WARN_BOOL_CONVERSION = YES;
				CLANG_WARN_CONSTANT_CONVERSION = YES;
				CLANG_WARN_DIRECT_OBJC_ISA_USAGE = YES_ERROR;
				CLANG_WARN_EMPTY_BODY = YES;
				CLANG_WARN_ENUM_CONVERSION = YES;
				CLANG_WARN_INT_CONVERSION = YES;
				CLANG_WARN_OBJC_ROOT_CLASS = YES_ERROR;
				CLANG_WARN_UNREACHABLE_CODE = YES;
				CLANG_WARN__DUPLICATE_METHOD_MATCH = YES;
				"CODE_SIGN_IDENTITY[sdk=iphoneos*]" = "iPhone Developer";
				COPY_PHASE_STRIP = NO;
				DEBUG_INFORMATION_FORMAT = "dwarf-with-dsym";
				ENABLE_NS_ASSERTIONS = NO;
				ENABLE_STRICT_OBJC_MSGSEND = YES;
				GCC_C_LANGUAGE_STANDARD = gnu99;
				GCC_NO_COMMON_BLOCKS = YES;
				GCC_WARN_64_TO_32_BIT_CONVERSION = YES;
				GCC_WARN_ABOUT_RETURN_TYPE = YES_ERROR;
				GCC_WARN_UNDECLARED_SELECTOR = YES;
				GCC_WARN_UNINITIALIZED_AUTOS = YES_AGGRESSIVE;
				GCC_WARN_UNUSED_FUNCTION = YES;
				GCC_WARN_UNUSED_VARIABLE = YES;
				IPHONEOS_DEPLOYMENT_TARGET = 9.3;
				MTL_ENABLE_DEBUG_INFO = NO;
				SDKROOT = iphoneos;
				TARGETED_DEVICE_FAMILY = "1,2";
				VALIDATE_PRODUCT = YES;
			};
			name = Release;
		};
		798A12111D67873600B6EBBE /* Debug */ = {
			isa = XCBuildConfiguration;
			buildSettings = {
				ASSETCATALOG_COMPILER_APPICON_NAME = AppIcon;
				INFOPLIST_FILE = tapwar/Info.plist;
				LD_RUNPATH_SEARCH_PATHS = "$(inherited) @executable_path/Frameworks";
				PRODUCT_BUNDLE_IDENTIFIER = com.sekouperry.tapwar;
				PRODUCT_NAME = "$(TARGET_NAME)";
			};
			name = Debug;
		};
		798A12121D67873600B6EBBE /* Release */ = {
			isa = XCBuildConfiguration;
			buildSettings = {
				ASSETCATALOG_COMPILER_APPICON_NAME = AppIcon;
				INFOPLIST_FILE = tapwar/Info.plist;
				LD_RUNPATH_SEARCH_PATHS = "$(inherited) @executable_path/Frameworks";
				PRODUCT_BUNDLE_IDENTIFIER = com.sekouperry.tapwar;
				PRODUCT_NAME = "$(TARGET_NAME)";
			};
			name = Release;
		};
/* End XCBuildConfiguration section */

/* Begin XCConfigurationList section */
		798A11F91D67873600B6EBBE /* Build configuration list for PBXProject "tapwar" */ = {
			isa = XCConfigurationList;
			buildConfigurations = (
				798A120E1D67873600B6EBBE /* Debug */,
				798A120F1D67873600B6EBBE /* Release */,
			);
			defaultConfigurationIsVisible = 0;
			defaultConfigurationName = Release;
		};
		798A12101D67873600B6EBBE /* Build configuration list for PBXNativeTarget "tapwar" */ = {
			isa = XCConfigurationList;
			buildConfigurations = (
				798A12111D67873600B6EBBE /* Debug */,
				798A12121D67873600B6EBBE /* Release */,
			);
			defaultConfigurationIsVisible = 0;
			defaultConfigurationName = Release;
		};
/* End XCConfigurationList section */
	};
	rootObject = 798A11F61D67873600B6EBBE /* Project object */;
}
